// !$*UTF8*$!
{
	archiveVersion = 1;
	classes = {
	};
	objectVersion = 55;
	objects = {

/* Begin PBXBuildFile section */
		40660EE228C60ADB00C2B9A7 /* LocationManager.swift in Sources */ = {isa = PBXBuildFile; fileRef = 40660EE128C60ADB00C2B9A7 /* LocationManager.swift */; };
		40A94FB728C5500A00E9CF93 /* PreyerAppApp.swift in Sources */ = {isa = PBXBuildFile; fileRef = 40A94FB628C5500A00E9CF93 /* PreyerAppApp.swift */; };
		40A94FB928C5500A00E9CF93 /* ContentView.swift in Sources */ = {isa = PBXBuildFile; fileRef = 40A94FB828C5500A00E9CF93 /* ContentView.swift */; };
		40A94FBB28C5500C00E9CF93 /* Assets.xcassets in Resources */ = {isa = PBXBuildFile; fileRef = 40A94FBA28C5500C00E9CF93 /* Assets.xcassets */; };
		40A94FBE28C5500C00E9CF93 /* Preview Assets.xcassets in Resources */ = {isa = PBXBuildFile; fileRef = 40A94FBD28C5500C00E9CF93 /* Preview Assets.xcassets */; };
		40A94FC528C5501700E9CF93 /* Model.swift in Sources */ = {isa = PBXBuildFile; fileRef = 40A94FC428C5501700E9CF93 /* Model.swift */; };
		40A94FC728C5518600E9CF93 /* ViewModel.swift in Sources */ = {isa = PBXBuildFile; fileRef = 40A94FC628C5518600E9CF93 /* ViewModel.swift */; };
		40A94FCA28C5554B00E9CF93 /* Extensions.swift in Sources */ = {isa = PBXBuildFile; fileRef = 40A94FC928C5554B00E9CF93 /* Extensions.swift */; };
/* End PBXBuildFile section */

/* Begin PBXFileReference section */
		40660EE128C60ADB00C2B9A7 /* LocationManager.swift */ = {isa = PBXFileReference; lastKnownFileType = sourcecode.swift; path = LocationManager.swift; sourceTree = "<group>"; };
		40A94FB328C5500A00E9CF93 /* PreyerApp.app */ = {isa = PBXFileReference; explicitFileType = wrapper.application; includeInIndex = 0; path = PreyerApp.app; sourceTree = BUILT_PRODUCTS_DIR; };
		40A94FB628C5500A00E9CF93 /* PreyerAppApp.swift */ = {isa = PBXFileReference; lastKnownFileType = sourcecode.swift; path = PreyerAppApp.swift; sourceTree = "<group>"; };
		40A94FB828C5500A00E9CF93 /* ContentView.swift */ = {isa = PBXFileReference; lastKnownFileType = sourcecode.swift; path = ContentView.swift; sourceTree = "<group>"; };
		40A94FBA28C5500C00E9CF93 /* Assets.xcassets */ = {isa = PBXFileReference; lastKnownFileType = folder.assetcatalog; path = Assets.xcassets; sourceTree = "<group>"; };
		40A94FBD28C5500C00E9CF93 /* Preview Assets.xcassets */ = {isa = PBXFileReference; lastKnownFileType = folder.assetcatalog; path = "Preview Assets.xcassets"; sourceTree = "<group>"; };
		40A94FC428C5501700E9CF93 /* Model.swift */ = {isa = PBXFileReference; lastKnownFileType = sourcecode.swift; path = Model.swift; sourceTree = "<group>"; };
		40A94FC628C5518600E9CF93 /* ViewModel.swift */ = {isa = PBXFileReference; lastKnownFileType = sourcecode.swift; path = ViewModel.swift; sourceTree = "<group>"; };
		40A94FC828C5536D00E9CF93 /* Info.plist */ = {isa = PBXFileReference; lastKnownFileType = text.plist; path = Info.plist; sourceTree = "<group>"; };
		40A94FC928C5554B00E9CF93 /* Extensions.swift */ = {isa = PBXFileReference; lastKnownFileType = sourcecode.swift; path = Extensions.swift; sourceTree = "<group>"; };
/* End PBXFileReference section */

/* Begin PBXFrameworksBuildPhase section */
		40A94FB028C5500A00E9CF93 /* Frameworks */ = {
			isa = PBXFrameworksBuildPhase;
			buildActionMask = 2147483647;
			files = (
			);
			runOnlyForDeploymentPostprocessing = 0;
		};
/* End PBXFrameworksBuildPhase section */

/* Begin PBXGroup section */
		40A94FAA28C5500A00E9CF93 = {
			isa = PBXGroup;
			children = (
				40A94FB528C5500A00E9CF93 /* PreyerApp */,
				40A94FB428C5500A00E9CF93 /* Products */,
			);
			sourceTree = "<group>";
		};
		40A94FB428C5500A00E9CF93 /* Products */ = {
			isa = PBXGroup;
			children = (
				40A94FB328C5500A00E9CF93 /* PreyerApp.app */,
			);
			name = Products;
			sourceTree = "<group>";
		};
		40A94FB528C5500A00E9CF93 /* PreyerApp */ = {
			isa = PBXGroup;
			children = (
				40A94FC828C5536D00E9CF93 /* Info.plist */,
				40A94FB628C5500A00E9CF93 /* PreyerAppApp.swift */,
				40A94FB828C5500A00E9CF93 /* ContentView.swift */,
				40A94FC428C5501700E9CF93 /* Model.swift */,
				40A94FC928C5554B00E9CF93 /* Extensions.swift */,
				40A94FC628C5518600E9CF93 /* ViewModel.swift */,
				40660EE128C60ADB00C2B9A7 /* LocationManager.swift */,
				40A94FBA28C5500C00E9CF93 /* Assets.xcassets */,
				40A94FBC28C5500C00E9CF93 /* Preview Content */,
			);
			path = PreyerApp;
			sourceTree = "<group>";
		};
		40A94FBC28C5500C00E9CF93 /* Preview Content */ = {
			isa = PBXGroup;
			children = (
				40A94FBD28C5500C00E9CF93 /* Preview Assets.xcassets */,
			);
			path = "Preview Content";
			sourceTree = "<group>";
		};
/* End PBXGroup section */

/* Begin PBXNativeTarget section */
		40A94FB228C5500A00E9CF93 /* PreyerApp */ = {
			isa = PBXNativeTarget;
			buildConfigurationList = 40A94FC128C5500C00E9CF93 /* Build configuration list for PBXNativeTarget "PreyerApp" */;
			buildPhases = (
				40A94FAF28C5500A00E9CF93 /* Sources */,
				40A94FB028C5500A00E9CF93 /* Frameworks */,
				40A94FB128C5500A00E9CF93 /* Resources */,
			);
			buildRules = (
			);
			dependencies = (
			);
			name = PreyerApp;
			productName = PreyerApp;
			productReference = 40A94FB328C5500A00E9CF93 /* PreyerApp.app */;
			productType = "com.apple.product-type.application";
		};
/* End PBXNativeTarget section */

/* Begin PBXProject section */
		40A94FAB28C5500A00E9CF93 /* Project object */ = {
			isa = PBXProject;
			attributes = {
				BuildIndependentTargetsInParallel = 1;
				LastSwiftUpdateCheck = 1340;
				LastUpgradeCheck = 1340;
				TargetAttributes = {
					40A94FB228C5500A00E9CF93 = {
						CreatedOnToolsVersion = 13.4.1;
					};
				};
			};
			buildConfigurationList = 40A94FAE28C5500A00E9CF93 /* Build configuration list for PBXProject "PreyerApp" */;
			compatibilityVersion = "Xcode 13.0";
			developmentRegion = en;
			hasScannedForEncodings = 0;
			knownRegions = (
				en,
				Base,
			);
			mainGroup = 40A94FAA28C5500A00E9CF93;
			productRefGroup = 40A94FB428C5500A00E9CF93 /* Products */;
			projectDirPath = "";
			projectRoot = "";
			targets = (
				40A94FB228C5500A00E9CF93 /* PreyerApp */,
			);
		};
/* End PBXProject section */

/* Begin PBXResourcesBuildPhase section */
		40A94FB128C5500A00E9CF93 /* Resources */ = {
			isa = PBXResourcesBuildPhase;
			buildActionMask = 2147483647;
			files = (
				40A94FBE28C5500C00E9CF93 /* Preview Assets.xcassets in Resources */,
				40A94FBB28C5500C00E9CF93 /* Assets.xcassets in Resources */,
			);
			runOnlyForDeploymentPostprocessing = 0;
		};
/* End PBXResourcesBuildPhase section */

/* Begin PBXSourcesBuildPhase section */
		40A94FAF28C5500A00E9CF93 /* Sources */ = {
			isa = PBXSourcesBuildPhase;
			buildActionMask = 2147483647;
			files = (
				40A94FCA28C5554B00E9CF93 /* Extensions.swift in Sources */,
				40A94FC528C5501700E9CF93 /* Model.swift in Sources */,
				40660EE228C60ADB00C2B9A7 /* LocationManager.swift in Sources */,
				40A94FB928C5500A00E9CF93 /* ContentView.swift in Sources */,
				40A94FC728C5518600E9CF93 /* ViewModel.swift in Sources */,
				40A94FB728C5500A00E9CF93 /* PreyerAppApp.swift in Sources */,
			);
			runOnlyForDeploymentPostprocessing = 0;
		};
/* End PBXSourcesBuildPhase section */

/* Begin XCBuildConfiguration section */
		40A94FBF28C5500C00E9CF93 /* Debug */ = {
			isa = XCBuildConfiguration;
			buildSettings = {
				ALWAYS_SEARCH_USER_PATHS = NO;
				CLANG_ANALYZER_NONNULL = YES;
				CLANG_ANALYZER_NUMBER_OBJECT_CONVERSION = YES_AGGRESSIVE;
				CLANG_CXX_LANGUAGE_STANDARD = "gnu++17";
				CLANG_ENABLE_MODULES = YES;
				CLANG_ENABLE_OBJC_ARC = YES;
				CLANG_ENABLE_OBJC_WEAK = YES;
				CLANG_WARN_BLOCK_CAPTURE_AUTORELEASING = YES;
				CLANG_WARN_BOOL_CONVERSION = YES;
				CLANG_WARN_COMMA = YES;
				CLANG_WARN_CONSTANT_CONVERSION = YES;
				CLANG_WARN_DEPRECATED_OBJC_IMPLEMENTATIONS = YES;
				CLANG_WARN_DIRECT_OBJC_ISA_USAGE = YES_ERROR;
				CLANG_WARN_DOCUMENTATION_COMMENTS = YES;
				CLANG_WARN_EMPTY_BODY = YES;
				CLANG_WARN_ENUM_CONVERSION = YES;
				CLANG_WARN_INFINITE_RECURSION = YES;
				CLANG_WARN_INT_CONVERSION = YES;
				CLANG_WARN_NON_LITERAL_NULL_CONVERSION = YES;
				CLANG_WARN_OBJC_IMPLICIT_RETAIN_SELF = YES;
				CLANG_WARN_OBJC_LITERAL_CONVERSION = YES;
				CLANG_WARN_OBJC_ROOT_CLASS = YES_ERROR;
				CLANG_WARN_QUOTED_INCLUDE_IN_FRAMEWORK_HEADER = YES;
				CLANG_WARN_RANGE_LOOP_ANALYSIS = YES;
				CLANG_WARN_STRICT_PROTOTYPES = YES;
				CLANG_WARN_SUSPICIOUS_MOVE = YES;
				CLANG_WARN_UNGUARDED_AVAILABILITY = YES_AGGRESSIVE;
				CLANG_WARN_UNREACHABLE_CODE = YES;
				CLANG_WARN__DUPLICATE_METHOD_MATCH = YES;
				COPY_PHASE_STRIP = NO;
				DEBUG_INFORMATION_FORMAT = dwarf;
				ENABLE_STRICT_OBJC_MSGSEND = YES;
				ENABLE_TESTABILITY = YES;
				GCC_C_LANGUAGE_STANDARD = gnu11;
				GCC_DYNAMIC_NO_PIC = NO;
				GCC_NO_COMMON_BLOCKS = YES;
				GCC_OPTIMIZATION_LEVEL = 0;
				GCC_PREPROCESSOR_DEFINITIONS = (
					"DEBUG=1",
					"$(inherited)",
				);
				GCC_WARN_64_TO_32_BIT_CONVERSION = YES;
				GCC_WARN_ABOUT_RETURN_TYPE = YES_ERROR;
				GCC_WARN_UNDECLARED_SELECTOR = YES;
				GCC_WARN_UNINITIALIZED_AUTOS = YES_AGGRESSIVE;
				GCC_WARN_UNUSED_FUNCTION = YES;
				GCC_WARN_UNUSED_VARIABLE = YES;
				IPHONEOS_DEPLOYMENT_TARGET = 15.5;
				MTL_ENABLE_DEBUG_INFO = INCLUDE_SOURCE;
				MTL_FAST_MATH = YES;
				ONLY_ACTIVE_ARCH = YES;
				SDKROOT = iphoneos;
				SWIFT_ACTIVE_COMPILATION_CONDITIONS = DEBUG;
				SWIFT_OPTIMIZATION_LEVEL = "-Onone";
			};
			name = Debug;
		};
		40A94FC028C5500C00E9CF93 /* Release */ = {
			isa = XCBuildConfiguration;
			buildSettings = {
				ALWAYS_SEARCH_USER_PATHS = NO;
				CLANG_ANALYZER_NONNULL = YES;
				CLANG_ANALYZER_NUMBER_OBJECT_CONVERSION = YES_AGGRESSIVE;
				CLANG_CXX_LANGUAGE_STANDARD = "gnu++17";
				CLANG_ENABLE_MODULES = YES;
				CLANG_ENABLE_OBJC_ARC = YES;
				CLANG_ENABLE_OBJC_WEAK = YES;
				CLANG_WARN_BLOCK_CAPTURE_AUTORELEASING = YES;
				CLANG_WARN_BOOL_CONVERSION = YES;
				CLANG_WARN_COMMA = YES;
				CLANG_WARN_CONSTANT_CONVERSION = YES;
				CLANG_WARN_DEPRECATED_OBJC_IMPLEMENTATIONS = YES;
				CLANG_WARN_DIRECT_OBJC_ISA_USAGE = YES_ERROR;
				CLANG_WARN_DOCUMENTATION_COMMENTS = YES;
				CLANG_WARN_EMPTY_BODY = YES;
				CLANG_WARN_ENUM_CONVERSION = YES;
				CLANG_WARN_INFINITE_RECURSION = YES;
				CLANG_WARN_INT_CONVERSION = YES;
				CLANG_WARN_NON_LITERAL_NULL_CONVERSION = YES;
				CLANG_WARN_OBJC_IMPLICIT_RETAIN_SELF = YES;
				CLANG_WARN_OBJC_LITERAL_CONVERSION = YES;
				CLANG_WARN_OBJC_ROOT_CLASS = YES_ERROR;
				CLANG_WARN_QUOTED_INCLUDE_IN_FRAMEWORK_HEADER = YES;
				CLANG_WARN_RANGE_LOOP_ANALYSIS = YES;
				CLANG_WARN_STRICT_PROTOTYPES = YES;
				CLANG_WARN_SUSPICIOUS_MOVE = YES;
				CLANG_WARN_UNGUARDED_AVAILABILITY = YES_AGGRESSIVE;
				CLANG_WARN_UNREACHABLE_CODE = YES;
				CLANG_WARN__DUPLICATE_METHOD_MATCH = YES;
				COPY_PHASE_STRIP = NO;
				DEBUG_INFORMATION_FORMAT = "dwarf-with-dsym";
				ENABLE_NS_ASSERTIONS = NO;
				ENABLE_STRICT_OBJC_MSGSEND = YES;
				GCC_C_LANGUAGE_STANDARD = gnu11;
				GCC_NO_COMMON_BLOCKS = YES;
				GCC_WARN_64_TO_32_BIT_CONVERSION = YES;
				GCC_WARN_ABOUT_RETURN_TYPE = YES_ERROR;
				GCC_WARN_UNDECLARED_SELECTOR = YES;
				GCC_WARN_UNINITIALIZED_AUTOS = YES_AGGRESSIVE;
				GCC_WARN_UNUSED_FUNCTION = YES;
				GCC_WARN_UNUSED_VARIABLE = YES;
				IPHONEOS_DEPLOYMENT_TARGET = 15.5;
				MTL_ENABLE_DEBUG_INFO = NO;
				MTL_FAST_MATH = YES;
				SDKROOT = iphoneos;
				SWIFT_COMPILATION_MODE = wholemodule;
				SWIFT_OPTIMIZATION_LEVEL = "-O";
				VALIDATE_PRODUCT = YES;
			};
			name = Release;
		};
		40A94FC228C5500C00E9CF93 /* Debug */ = {
			isa = XCBuildConfiguration;
			buildSettings = {
				ASSETCATALOG_COMPILER_APPICON_NAME = AppIcon;
				ASSETCATALOG_COMPILER_GLOBAL_ACCENT_COLOR_NAME = AccentColor;
				CODE_SIGN_STYLE = Automatic;
				CURRENT_PROJECT_VERSION = 1;
				DEVELOPMENT_ASSET_PATHS = "\"PreyerApp/Preview Content\"";
				DEVELOPMENT_TEAM = "";
				ENABLE_PREVIEWS = YES;
				GENERATE_INFOPLIST_FILE = YES;
				INFOPLIST_FILE = PreyerApp/Info.plist;
				INFOPLIST_KEY_NSLocationWhenInUseUsageDescription = "نحتاج الموقع لمعرفة مواقيت الصلوات.";
				INFOPLIST_KEY_UIApplicationSceneManifest_Generation = YES;
				INFOPLIST_KEY_UIApplicationSupportsIndirectInputEvents = YES;
				INFOPLIST_KEY_UILaunchScreen_Generation = YES;
				INFOPLIST_KEY_UISupportedInterfaceOrientations_iPad = "UIInterfaceOrientationPortrait UIInterfaceOrientationPortraitUpsideDown UIInterfaceOrientationLandscapeLeft UIInterfaceOrientationLandscapeRight";
				INFOPLIST_KEY_UISupportedInterfaceOrientations_iPhone = "UIInterfaceOrientationPortrait UIInterfaceOrientationLandscapeLeft UIInterfaceOrientationLandscapeRight";
				LD_RUNPATH_SEARCH_PATHS = (
					"$(inherited)",
					"@executable_path/Frameworks",
				);
				MARKETING_VERSION = 1.0;
				PRODUCT_BUNDLE_IDENTIFIER = com.malsaleh.PreyerApp;
				PRODUCT_NAME = "$(TARGET_NAME)";
				SWIFT_EMIT_LOC_STRINGS = YES;
				SWIFT_VERSION = 5.0;
				TARGETED_DEVICE_FAMILY = "1,2";
			};
			name = Debug;
		};
		40A94FC328C5500C00E9CF93 /* Release */ = {
			isa = XCBuildConfiguration;
			buildSettings = {
				ASSETCATALOG_COMPILER_APPICON_NAME = AppIcon;
				ASSETCATALOG_COMPILER_GLOBAL_ACCENT_COLOR_NAME = AccentColor;
				CODE_SIGN_STYLE = Automatic;
				CURRENT_PROJECT_VERSION = 1;
				DEVELOPMENT_ASSET_PATHS = "\"PreyerApp/Preview Content\"";
				DEVELOPMENT_TEAM = "";
				ENABLE_PREVIEWS = YES;
				GENERATE_INFOPLIST_FILE = YES;
				INFOPLIST_FILE = PreyerApp/Info.plist;
				INFOPLIST_KEY_NSLocationWhenInUseUsageDescription = "نحتاج الموقع لمعرفة مواقيت الصلوات.";
				INFOPLIST_KEY_UIApplicationSceneManifest_Generation = YES;
				INFOPLIST_KEY_UIApplicationSupportsIndirectInputEvents = YES;
				INFOPLIST_KEY_UILaunchScreen_Generation = YES;
				INFOPLIST_KEY_UISupportedInterfaceOrientations_iPad = "UIInterfaceOrientationPortrait UIInterfaceOrientationPortraitUpsideDown UIInterfaceOrientationLandscapeLeft UIInterfaceOrientationLandscapeRight";
				INFOPLIST_KEY_UISupportedInterfaceOrientations_iPhone = "UIInterfaceOrientationPortrait UIInterfaceOrientationLandscapeLeft UIInterfaceOrientationLandscapeRight";
				LD_RUNPATH_SEARCH_PATHS = (
					"$(inherited)",
					"@executable_path/Frameworks",
				);
				MARKETING_VERSION = 1.0;
				PRODUCT_BUNDLE_IDENTIFIER = com.malsaleh.PreyerApp;
				PRODUCT_NAME = "$(TARGET_NAME)";
				SWIFT_EMIT_LOC_STRINGS = YES;
				SWIFT_VERSION = 5.0;
				TARGETED_DEVICE_FAMILY = "1,2";
			};
			name = Release;
		};
/* End XCBuildConfiguration section */

/* Begin XCConfigurationList section */
		40A94FAE28C5500A00E9CF93 /* Build configuration list for PBXProject "PreyerApp" */ = {
			isa = XCConfigurationList;
			buildConfigurations = (
				40A94FBF28C5500C00E9CF93 /* Debug */,
				40A94FC028C5500C00E9CF93 /* Release */,
			);
			defaultConfigurationIsVisible = 0;
			defaultConfigurationName = Release;
		};
		40A94FC128C5500C00E9CF93 /* Build configuration list for PBXNativeTarget "PreyerApp" */ = {
			isa = XCConfigurationList;
			buildConfigurations = (
				40A94FC228C5500C00E9CF93 /* Debug */,
				40A94FC328C5500C00E9CF93 /* Release */,
			);
			defaultConfigurationIsVisible = 0;
			defaultConfigurationName = Release;
		};
/* End XCConfigurationList section */
	};
	rootObject = 40A94FAB28C5500A00E9CF93 /* Project object */;
}
